<?xml version="1.0" encoding="utf-8"?>
<Project ToolsVersion="4.0" xmlns="http://schemas.microsoft.com/developer/msbuild/2003">
  <ItemGroup>
    <Filter Include="ソース ファイル">
      <UniqueIdentifier>{4FC737F1-C7A5-4376-A066-2A32D752A2FF}</UniqueIdentifier>
      <Extensions>cpp;c;cc;cxx;c++;cppm;ixx;def;odl;idl;hpj;bat;asm;asmx</Extensions>
    </Filter>
    <Filter Include="ヘッダー ファイル">
      <UniqueIdentifier>{93995380-89BD-4b04-88EB-625FBE52EBFB}</UniqueIdentifier>
      <Extensions>h;hh;hpp;hxx;h++;hm;inl;inc;ipp;xsd</Extensions>
    </Filter>
    <Filter Include="リソース ファイル">
      <UniqueIdentifier>{67DA6AB6-F800-4c08-8B7A-83BB121AAD01}</UniqueIdentifier>
      <Extensions>rc;ico;cur;bmp;dlg;rc2;rct;bin;rgs;gif;jpg;jpeg;jpe;resx;tiff;tif;png;wav;mfcribbon-ms</Extensions>
    </Filter>
    <Filter Include="ソース ファイル\App">
      <UniqueIdentifier>{cf8e0572-ed91-4627-9b1e-d6c5dcd29571}</UniqueIdentifier>
    </Filter>
    <Filter Include="ソース ファイル\Framework">
      <UniqueIdentifier>{c4ab5ab7-f9a1-4f80-8570-3fc799cbd595}</UniqueIdentifier>
    </Filter>
    <Filter Include="ソース ファイル\Renderer">
      <UniqueIdentifier>{eb64da43-5278-4fad-a29e-67990d61f7e1}</UniqueIdentifier>
    </Filter>
    <Filter Include="ソース ファイル\Audio">
      <UniqueIdentifier>{52517e23-9089-4d00-ac1d-f131246ef4ca}</UniqueIdentifier>
    </Filter>
    <Filter Include="ソース ファイル\Input">
      <UniqueIdentifier>{ff7e9c9a-c1e7-4d93-9c86-a6c8168b0d9a}</UniqueIdentifier>
    </Filter>
    <Filter Include="ソース ファイル\Math">
      <UniqueIdentifier>{f939e53c-190f-42a7-ae29-ea230aee0926}</UniqueIdentifier>
    </Filter>
    <Filter Include="ソース ファイル\Utils">
      <UniqueIdentifier>{c6198900-7679-4f14-b481-697a42aff10a}</UniqueIdentifier>
    </Filter>
    <Filter Include="ヘッダー ファイル\App">
      <UniqueIdentifier>{9e7fe7a6-42bd-435d-84e9-60a66064589f}</UniqueIdentifier>
    </Filter>
    <Filter Include="ヘッダー ファイル\Audio">
      <UniqueIdentifier>{95ff88ed-5aa1-4305-9728-434fc96c69d2}</UniqueIdentifier>
    </Filter>
    <Filter Include="ヘッダー ファイル\Framework">
      <UniqueIdentifier>{acabd0e4-2571-499e-b6a0-2198a68b1546}</UniqueIdentifier>
    </Filter>
    <Filter Include="ヘッダー ファイル\Input">
      <UniqueIdentifier>{70b8259d-2483-4718-bfce-18293ae9b05d}</UniqueIdentifier>
    </Filter>
    <Filter Include="ヘッダー ファイル\Math">
      <UniqueIdentifier>{62239e76-682a-436a-a8c5-17979bc821c1}</UniqueIdentifier>
    </Filter>
    <Filter Include="ヘッダー ファイル\Renderer">
      <UniqueIdentifier>{a2fe2368-4d91-4d8c-bd7e-be1829018181}</UniqueIdentifier>
    </Filter>
    <Filter Include="ヘッダー ファイル\Utils">
      <UniqueIdentifier>{8ea90864-fdc7-4b9b-874c-1c8342b0ae16}</UniqueIdentifier>
    </Filter>
    <Filter Include="リソース ファイル\HLSL">
      <UniqueIdentifier>{d80eaf7a-6378-4229-8743-9c459faf768a}</UniqueIdentifier>
    </Filter>
    <Filter Include="externals">
      <UniqueIdentifier>{40ab11ef-14a5-439a-9832-c38bb91b1733}</UniqueIdentifier>
    </Filter>
    <Filter Include="externals\imgui">
      <UniqueIdentifier>{68f31501-4e06-412e-ac45-94bae8e00489}</UniqueIdentifier>
    </Filter>
  </ItemGroup>
  <ItemGroup>
    <ClCompile Include="main.cpp">
      <Filter>ソース ファイル</Filter>
    </ClCompile>
    <ClCompile Include="externals\imgui\imgui.cpp">
      <Filter>externals\imgui</Filter>
    </ClCompile>
    <ClCompile Include="externals\imgui\imgui_demo.cpp">
      <Filter>externals\imgui</Filter>
    </ClCompile>
    <ClCompile Include="externals\imgui\imgui_draw.cpp">
      <Filter>externals\imgui</Filter>
    </ClCompile>
    <ClCompile Include="externals\imgui\imgui_impl_dx12.cpp">
      <Filter>externals\imgui</Filter>
    </ClCompile>
    <ClCompile Include="externals\imgui\imgui_impl_win32.cpp">
      <Filter>externals\imgui</Filter>
    </ClCompile>
    <ClCompile Include="externals\imgui\imgui_tables.cpp">
      <Filter>externals\imgui</Filter>
    </ClCompile>
    <ClCompile Include="externals\imgui\imgui_widgets.cpp">
      <Filter>externals\imgui</Filter>
    </ClCompile>
    <ClCompile Include="Engine\App\Application.cpp">
      <Filter>ソース ファイル\App</Filter>
    </ClCompile>
    <ClCompile Include="Engine\App\Logger.cpp">
      <Filter>ソース ファイル\App</Filter>
    </ClCompile>
    <ClCompile Include="Engine\Framework\DebugCamera.cpp">
      <Filter>ソース ファイル\Framework</Filter>
    </ClCompile>
    <ClCompile Include="Engine\Framework\DxcCompiler.cpp">
      <Filter>ソース ファイル\Framework</Filter>
    </ClCompile>
    <ClCompile Include="Engine\Framework\Graphics.cpp">
      <Filter>ソース ファイル\Framework</Filter>
    </ClCompile>
    <ClCompile Include="Engine\Framework\InputLayout.cpp">
      <Filter>ソース ファイル\Framework</Filter>
    </ClCompile>
    <ClCompile Include="Engine\Framework\PsoBuilder.cpp">
      <Filter>ソース ファイル\Framework</Filter>
    </ClCompile>
    <ClCompile Include="Engine\Framework\RootSignatureFactory.cpp">
      <Filter>ソース ファイル\Framework</Filter>
    </ClCompile>
    <ClCompile Include="Engine\Input\Input.cpp">
      <Filter>ソース ファイル\Input</Filter>
    </ClCompile>
    <ClCompile Include="Engine\Math\Matrix.cpp">
      <Filter>ソース ファイル\Math</Filter>
    </ClCompile>
    <ClCompile Include="Engine\Audio\Sound.cpp">
      <Filter>ソース ファイル\Audio</Filter>
    </ClCompile>
    <ClCompile Include="Engine\Renderer\Sprite.cpp">
      <Filter>ソース ファイル\Renderer</Filter>
    </ClCompile>
    <ClCompile Include="Engine\Renderer\SpriteCommon.cpp">
      <Filter>ソース ファイル\Renderer</Filter>
    </ClCompile>
    <ClCompile Include="Engine\Utils\StringUtil.cpp">
      <Filter>ソース ファイル\Utils</Filter>
    </ClCompile>
    <ClCompile Include="TextureManager.cpp">
      <Filter>ソース ファイル</Filter>
    </ClCompile>
    <ClCompile Include="Color.cpp">
      <Filter>ソース ファイル</Filter>
    </ClCompile>
    <ClCompile Include="D3DResourceLeakChecker.cpp">
      <Filter>ソース ファイル</Filter>
    </ClCompile>
    <ClCompile Include="Entity3DCommon.cpp">
      <Filter>ソース ファイル</Filter>
    </ClCompile>
    <ClCompile Include="Entity3D.cpp">
      <Filter>ソース ファイル</Filter>
    </ClCompile>
    <ClCompile Include="CreateResorceUtils.cpp">
      <Filter>ソース ファイル</Filter>
    </ClCompile>
    <ClCompile Include="Model.cpp">
      <Filter>ソース ファイル</Filter>
    </ClCompile>
    <ClCompile Include="ModelCommon.cpp">
      <Filter>ソース ファイル</Filter>
    </ClCompile>
  </ItemGroup>
  <ItemGroup>
    <FxCompile Include="resources\hlsl\Object2D.PS.hlsl">
      <Filter>リソース ファイル\HLSL</Filter>
    </FxCompile>
    <FxCompile Include="resources\hlsl\Object2D.VS.hlsl">
      <Filter>リソース ファイル\HLSL</Filter>
    </FxCompile>
    <FxCompile Include="resources\hlsl\Object3d.PS.hlsl">
      <Filter>リソース ファイル\HLSL</Filter>
    </FxCompile>
    <FxCompile Include="resources\hlsl\Object3d.VS.hlsl">
      <Filter>リソース ファイル\HLSL</Filter>
    </FxCompile>
  </ItemGroup>
  <ItemGroup>
    <ClInclude Include="externals\imgui\imconfig.h">
      <Filter>externals\imgui</Filter>
    </ClInclude>
    <ClInclude Include="externals\imgui\imgui.h">
      <Filter>externals\imgui</Filter>
    </ClInclude>
    <ClInclude Include="externals\imgui\imgui_impl_dx12.h">
      <Filter>externals\imgui</Filter>
    </ClInclude>
    <ClInclude Include="externals\imgui\imgui_impl_win32.h">
      <Filter>externals\imgui</Filter>
    </ClInclude>
    <ClInclude Include="externals\imgui\imgui_internal.h">
      <Filter>externals\imgui</Filter>
    </ClInclude>
    <ClInclude Include="externals\imgui\imstb_rectpack.h">
      <Filter>externals\imgui</Filter>
    </ClInclude>
    <ClInclude Include="externals\imgui\imstb_textedit.h">
      <Filter>externals\imgui</Filter>
    </ClInclude>
    <ClInclude Include="externals\imgui\imstb_truetype.h">
      <Filter>externals\imgui</Filter>
    </ClInclude>
    <ClInclude Include="Engine\App\Application.h">
      <Filter>ヘッダー ファイル\App</Filter>
    </ClInclude>
    <ClInclude Include="Engine\Framework\DebugCamera.h">
      <Filter>ヘッダー ファイル\Framework</Filter>
    </ClInclude>
    <ClInclude Include="Engine\Framework\DxcCompiler.h">
      <Filter>ヘッダー ファイル\Framework</Filter>
    </ClInclude>
    <ClInclude Include="Engine\Framework\Graphics.h">
      <Filter>ヘッダー ファイル\Framework</Filter>
    </ClInclude>
    <ClInclude Include="Engine\Framework\InputLayout.h">
      <Filter>ヘッダー ファイル\Framework</Filter>
    </ClInclude>
    <ClInclude Include="Engine\Framework\PsoBuilder.h">
      <Filter>ヘッダー ファイル\Framework</Filter>
    </ClInclude>
    <ClInclude Include="Engine\Framework\RootSignatureFactory.h">
      <Filter>ヘッダー ファイル\Framework</Filter>
    </ClInclude>
    <ClInclude Include="Engine\Input\Input.h">
      <Filter>ヘッダー ファイル\Input</Filter>
    </ClInclude>
    <ClInclude Include="Engine\App\Logger.h">
      <Filter>ヘッダー ファイル\App</Filter>
    </ClInclude>
    <ClInclude Include="Engine\Audio\Sound.h">
      <Filter>ヘッダー ファイル\Audio</Filter>
    </ClInclude>
    <ClInclude Include="Engine\Math\Matrix.h">
      <Filter>ヘッダー ファイル\Math</Filter>
    </ClInclude>
    <ClInclude Include="Engine\Renderer\Sprite.h">
      <Filter>ヘッダー ファイル\Renderer</Filter>
    </ClInclude>
    <ClInclude Include="Engine\Renderer\SpriteCommon.h">
      <Filter>ヘッダー ファイル\Renderer</Filter>
    </ClInclude>
    <ClInclude Include="Engine\Utils\StringUtil.h">
      <Filter>ヘッダー ファイル\Utils</Filter>
    </ClInclude>
    <ClInclude Include="Vector2.h">
      <Filter>ヘッダー ファイル\Math</Filter>
    </ClInclude>
    <ClInclude Include="Vector3.h">
      <Filter>ヘッダー ファイル\Math</Filter>
    </ClInclude>
    <ClInclude Include="Vector4.h">
      <Filter>ヘッダー ファイル\Math</Filter>
    </ClInclude>
    <ClInclude Include="TextureManager.h">
      <Filter>ヘッダー ファイル</Filter>
    </ClInclude>
    <ClInclude Include="Color.h">
      <Filter>ヘッダー ファイル</Filter>
    </ClInclude>
    <ClInclude Include="D3DResourceLeakChecker.h">
      <Filter>ヘッダー ファイル</Filter>
    </ClInclude>
    <ClInclude Include="Entity3DCommon.h">
      <Filter>ヘッダー ファイル</Filter>
    </ClInclude>
    <ClInclude Include="Entity3D.h">
      <Filter>ヘッダー ファイル</Filter>
    </ClInclude>
    <ClInclude Include="CreateResorceUtils.h">
      <Filter>ヘッダー ファイル</Filter>
    </ClInclude>
    <ClInclude Include="Model.h">
      <Filter>ヘッダー ファイル</Filter>
    </ClInclude>
    <ClInclude Include="ModelCommon.h">
      <Filter>ヘッダー ファイル</Filter>
    </ClInclude>
  </ItemGroup>
  <ItemGroup>
    <Text Include="externals\imgui\LICENSE.txt">
      <Filter>externals\imgui</Filter>
    </Text>
  </ItemGroup>
  <ItemGroup>
    <None Include="resources\hlsl\Object2D.hlsli">
      <Filter>リソース ファイル\HLSL</Filter>
    </None>
    <None Include="resources\hlsl\Object3d.hlsli">
      <Filter>リソース ファイル\HLSL</Filter>
    </None>
  </ItemGroup>
</Project>